
Microsoft Visual Studio Solution File, Format Version 10.00
# Visual Studio 2008
Project("{FAE04EC0-301F-11D3-BF4B-00C04F79EFBC}") = "SuperLoadSampleMvc", "SuperLoadSampleMvc\SuperLoadSampleMvc.csproj", "{E1AC0D08-8ED1-496C-AF32-9EBAF4FECC50}"
EndProject
Project("{FAE04EC0-301F-11D3-BF4B-00C04F79EFBC}") = "JQuerySuperLoad", "JQuerySuperLoad\JQuerySuperLoad.csproj", "{49D3DA69-85C3-4704-8C8F-BD0486AB4261}"
EndProject
Global
	GlobalSection(SolutionConfigurationPlatforms) = preSolution
		Debug|Any CPU = Debug|Any CPU
		Release|Any CPU = Release|Any CPU
	EndGlobalSection
	GlobalSection(ProjectConfigurationPlatforms) = postSolution
		{E1AC0D08-8ED1-496C-AF32-9EBAF4FECC50}.Debug|Any CPU.ActiveCfg = Debug|Any CPU
		{E1AC0D08-8ED1-496C-AF32-9EBAF4FECC50}.Debug|Any CPU.Build.0 = Debug|Any CPU
		{E1AC0D08-8ED1-496C-AF32-9EBAF4FECC50}.Release|Any CPU.ActiveCfg = Release|Any CPU
		{E1AC0D08-8ED1-496C-AF32-9EBAF4FECC50}.Release|Any CPU.Build.0 = Release|Any CPU
		{49D3DA69-85C3-4704-8C8F-BD0486AB4261}.Debug|Any CPU.ActiveCfg = Debug|Any CPU
		{49D3DA69-85C3-4704-8C8F-BD0486AB4261}.Debug|Any CPU.Build.0 = Debug|Any CPU
		{49D3DA69-85C3-4704-8C8F-BD0486AB4261}.Release|Any CPU.ActiveCfg = Release|Any CPU
		{49D3DA69-85C3-4704-8C8F-BD0486AB4261}.Release|Any CPU.Build.0 = Release|Any CPU
	EndGlobalSection
	GlobalSection(SolutionProperties) = preSolution
		HideSolutionNode = FALSE
	EndGlobalSection
EndGlobal
